// !$*UTF8*$!
{
	archiveVersion = 1;
	classes = {
	};
	objectVersion = 46;
	objects = {

/* Begin PBXBuildFile section */
		0748615B1B6C45D900798B19 /* AppDelegate.swift in Sources */ = {isa = PBXBuildFile; fileRef = 0748615A1B6C45D900798B19 /* AppDelegate.swift */; };
		0748615D1B6C45D900798B19 /* ViewController.swift in Sources */ = {isa = PBXBuildFile; fileRef = 0748615C1B6C45D900798B19 /* ViewController.swift */; };
		074861621B6C45D900798B19 /* Images.xcassets in Resources */ = {isa = PBXBuildFile; fileRef = 074861611B6C45D900798B19 /* Images.xcassets */; };
		074861651B6C45D900798B19 /* LaunchScreen.xib in Resources */ = {isa = PBXBuildFile; fileRef = 074861631B6C45D900798B19 /* LaunchScreen.xib */; };
		074861AE1B6C465500798B19 /* Security.framework in Frameworks */ = {isa = PBXBuildFile; fileRef = 074861AD1B6C465500798B19 /* Security.framework */; };
		074861B01B6C465E00798B19 /* libc++.dylib in Frameworks */ = {isa = PBXBuildFile; fileRef = 074861AF1B6C465E00798B19 /* libc++.dylib */; };
		074861B21B6C466500798B19 /* AVFoundation.framework in Frameworks */ = {isa = PBXBuildFile; fileRef = 074861B11B6C466500798B19 /* AVFoundation.framework */; };
		074861B41B6C466B00798B19 /* AudioToolbox.framework in Frameworks */ = {isa = PBXBuildFile; fileRef = 074861B31B6C466B00798B19 /* AudioToolbox.framework */; };
		074861C01B6C4AFC00798B19 /* libACRCloud_IOS_SDK.a in Frameworks */ = {isa = PBXBuildFile; fileRef = 074861BF1B6C4AFC00798B19 /* libACRCloud_IOS_SDK.a */; };
		074861C61B6FE21400798B19 /* Main.storyboard in Resources */ = {isa = PBXBuildFile; fileRef = 074861C51B6FE21400798B19 /* Main.storyboard */; };
		0748622D1B6FEBFE00798B19 /* SwiftyJSON.swift in Sources */ = {isa = PBXBuildFile; fileRef = 0748622C1B6FEBFE00798B19 /* SwiftyJSON.swift */; };
/* End PBXBuildFile section */

/* Begin PBXFileReference section */
		074861551B6C45D900798B19 /* HKArc.app */ = {isa = PBXFileReference; explicitFileType = wrapper.application; includeInIndex = 0; path = HKArc.app; sourceTree = BUILT_PRODUCTS_DIR; };
		074861591B6C45D900798B19 /* Info.plist */ = {isa = PBXFileReference; lastKnownFileType = text.plist.xml; path = Info.plist; sourceTree = "<group>"; };
		0748615A1B6C45D900798B19 /* AppDelegate.swift */ = {isa = PBXFileReference; lastKnownFileType = sourcecode.swift; path = AppDelegate.swift; sourceTree = "<group>"; };
		0748615C1B6C45D900798B19 /* ViewController.swift */ = {isa = PBXFileReference; lastKnownFileType = sourcecode.swift; path = ViewController.swift; sourceTree = "<group>"; };
		074861611B6C45D900798B19 /* Images.xcassets */ = {isa = PBXFileReference; lastKnownFileType = folder.assetcatalog; path = Images.xcassets; sourceTree = "<group>"; };
		074861641B6C45D900798B19 /* Base */ = {isa = PBXFileReference; lastKnownFileType = file.xib; name = Base; path = Base.lproj/LaunchScreen.xib; sourceTree = "<group>"; };
		0748616A1B6C45D900798B19 /* HKArcTests.xctest */ = {isa = PBXFileReference; explicitFileType = wrapper.cfbundle; includeInIndex = 0; path = HKArcTests.xctest; sourceTree = BUILT_PRODUCTS_DIR; };
		0748616F1B6C45D900798B19 /* Info.plist */ = {isa = PBXFileReference; lastKnownFileType = text.plist.xml; path = Info.plist; sourceTree = "<group>"; };
		074861701B6C45D900798B19 /* HKArcTests.swift */ = {isa = PBXFileReference; lastKnownFileType = sourcecode.swift; path = HKArcTests.swift; sourceTree = "<group>"; };
		0748617A1B6C45EC00798B19 /* Bridging-Header.h */ = {isa = PBXFileReference; lastKnownFileType = sourcecode.c.h; path = "Bridging-Header.h"; sourceTree = "<group>"; };
		074861AD1B6C465500798B19 /* Security.framework */ = {isa = PBXFileReference; lastKnownFileType = wrapper.framework; name = Security.framework; path = System/Library/Frameworks/Security.framework; sourceTree = SDKROOT; };
		074861AF1B6C465E00798B19 /* libc++.dylib */ = {isa = PBXFileReference; lastKnownFileType = "compiled.mach-o.dylib"; name = "libc++.dylib"; path = "usr/lib/libc++.dylib"; sourceTree = SDKROOT; };
		074861B11B6C466500798B19 /* AVFoundation.framework */ = {isa = PBXFileReference; lastKnownFileType = wrapper.framework; name = AVFoundation.framework; path = System/Library/Frameworks/AVFoundation.framework; sourceTree = SDKROOT; };
		074861B31B6C466B00798B19 /* AudioToolbox.framework */ = {isa = PBXFileReference; lastKnownFileType = wrapper.framework; name = AudioToolbox.framework; path = System/Library/Frameworks/AudioToolbox.framework; sourceTree = SDKROOT; };
		074861BD1B6C4AFC00798B19 /* ACRCloudConfig.h */ = {isa = PBXFileReference; fileEncoding = 4; lastKnownFileType = sourcecode.c.h; path = ACRCloudConfig.h; sourceTree = "<group>"; };
		074861BE1B6C4AFC00798B19 /* ACRCloudRecognition.h */ = {isa = PBXFileReference; fileEncoding = 4; lastKnownFileType = sourcecode.c.h; path = ACRCloudRecognition.h; sourceTree = "<group>"; };
		074861BF1B6C4AFC00798B19 /* libACRCloud_IOS_SDK.a */ = {isa = PBXFileReference; lastKnownFileType = archive.ar; path = libACRCloud_IOS_SDK.a; sourceTree = "<group>"; };
		074861C51B6FE21400798B19 /* Main.storyboard */ = {isa = PBXFileReference; fileEncoding = 4; lastKnownFileType = file.storyboard; path = Main.storyboard; sourceTree = "<group>"; };
		0748622C1B6FEBFE00798B19 /* SwiftyJSON.swift */ = {isa = PBXFileReference; fileEncoding = 4; lastKnownFileType = sourcecode.swift; path = SwiftyJSON.swift; sourceTree = "<group>"; };
/* End PBXFileReference section */

/* Begin PBXFrameworksBuildPhase section */
		074861521B6C45D900798B19 /* Frameworks */ = {
			isa = PBXFrameworksBuildPhase;
			buildActionMask = 2147483647;
			files = (
				074861B41B6C466B00798B19 /* AudioToolbox.framework in Frameworks */,
				074861B21B6C466500798B19 /* AVFoundation.framework in Frameworks */,
				074861B01B6C465E00798B19 /* libc++.dylib in Frameworks */,
				074861C01B6C4AFC00798B19 /* libACRCloud_IOS_SDK.a in Frameworks */,
				074861AE1B6C465500798B19 /* Security.framework in Frameworks */,
			);
			runOnlyForDeploymentPostprocessing = 0;
		};
		074861671B6C45D900798B19 /* Frameworks */ = {
			isa = PBXFrameworksBuildPhase;
			buildActionMask = 2147483647;
			files = (
			);
			runOnlyForDeploymentPostprocessing = 0;
		};
/* End PBXFrameworksBuildPhase section */

/* Begin PBXGroup section */
		0748614C1B6C45D900798B19 = {
			isa = PBXGroup;
			children = (
				074861B31B6C466B00798B19 /* AudioToolbox.framework */,
				074861B11B6C466500798B19 /* AVFoundation.framework */,
				074861AF1B6C465E00798B19 /* libc++.dylib */,
				074861AD1B6C465500798B19 /* Security.framework */,
				074861BB1B6C4AFC00798B19 /* ACRCloudLibraies */,
				074861571B6C45D900798B19 /* HKArc */,
				0748616D1B6C45D900798B19 /* HKArcTests */,
				074861561B6C45D900798B19 /* Products */,
			);
			sourceTree = "<group>";
		};
		074861561B6C45D900798B19 /* Products */ = {
			isa = PBXGroup;
			children = (
				074861551B6C45D900798B19 /* HKArc.app */,
				0748616A1B6C45D900798B19 /* HKArcTests.xctest */,
			);
			name = Products;
			sourceTree = "<group>";
		};
		074861571B6C45D900798B19 /* HKArc */ = {
			isa = PBXGroup;
			children = (
				074861C51B6FE21400798B19 /* Main.storyboard */,
				0748615A1B6C45D900798B19 /* AppDelegate.swift */,
				0748617A1B6C45EC00798B19 /* Bridging-Header.h */,
				0748615C1B6C45D900798B19 /* ViewController.swift */,
				074861611B6C45D900798B19 /* Images.xcassets */,
				074861631B6C45D900798B19 /* LaunchScreen.xib */,
				0748622C1B6FEBFE00798B19 /* SwiftyJSON.swift */,
				074861581B6C45D900798B19 /* Supporting Files */,
			);
			path = HKArc;
			sourceTree = "<group>";
		};
		074861581B6C45D900798B19 /* Supporting Files */ = {
			isa = PBXGroup;
			children = (
				074861591B6C45D900798B19 /* Info.plist */,
			);
			name = "Supporting Files";
			sourceTree = "<group>";
		};
		0748616D1B6C45D900798B19 /* HKArcTests */ = {
			isa = PBXGroup;
			children = (
				074861701B6C45D900798B19 /* HKArcTests.swift */,
				0748616E1B6C45D900798B19 /* Supporting Files */,
			);
			path = HKArcTests;
			sourceTree = "<group>";
		};
		0748616E1B6C45D900798B19 /* Supporting Files */ = {
			isa = PBXGroup;
			children = (
				0748616F1B6C45D900798B19 /* Info.plist */,
			);
			name = "Supporting Files";
			sourceTree = "<group>";
		};
		074861BB1B6C4AFC00798B19 /* ACRCloudLibraies */ = {
			isa = PBXGroup;
			children = (
				074861BC1B6C4AFC00798B19 /* include */,
				074861BF1B6C4AFC00798B19 /* libACRCloud_IOS_SDK.a */,
			);
			path = ACRCloudLibraies;
			sourceTree = "<group>";
		};
		074861BC1B6C4AFC00798B19 /* include */ = {
			isa = PBXGroup;
			children = (
				074861BD1B6C4AFC00798B19 /* ACRCloudConfig.h */,
				074861BE1B6C4AFC00798B19 /* ACRCloudRecognition.h */,
			);
			path = include;
			sourceTree = "<group>";
		};
/* End PBXGroup section */

/* Begin PBXNativeTarget section */
		074861541B6C45D900798B19 /* HKArc */ = {
			isa = PBXNativeTarget;
			buildConfigurationList = 074861741B6C45D900798B19 /* Build configuration list for PBXNativeTarget "HKArc" */;
			buildPhases = (
				074861511B6C45D900798B19 /* Sources */,
				074861521B6C45D900798B19 /* Frameworks */,
				074861531B6C45D900798B19 /* Resources */,
			);
			buildRules = (
			);
			dependencies = (
			);
			name = HKArc;
			productName = HKArc;
			productReference = 074861551B6C45D900798B19 /* HKArc.app */;
			productType = "com.apple.product-type.application";
		};
		074861691B6C45D900798B19 /* HKArcTests */ = {
			isa = PBXNativeTarget;
			buildConfigurationList = 074861771B6C45D900798B19 /* Build configuration list for PBXNativeTarget "HKArcTests" */;
			buildPhases = (
				074861661B6C45D900798B19 /* Sources */,
				074861671B6C45D900798B19 /* Frameworks */,
				074861681B6C45D900798B19 /* Resources */,
			);
			buildRules = (
			);
			dependencies = (
			);
			name = HKArcTests;
			productName = HKArcTests;
			productReference = 0748616A1B6C45D900798B19 /* HKArcTests.xctest */;
			productType = "com.apple.product-type.bundle.unit-test";
		};
/* End PBXNativeTarget section */

/* Begin PBXProject section */
		0748614D1B6C45D900798B19 /* Project object */ = {
			isa = PBXProject;
			attributes = {
				LastUpgradeCheck = 0640;
				ORGANIZATIONNAME = "Harman International";
				TargetAttributes = {
					074861541B6C45D900798B19 = {
						CreatedOnToolsVersion = 6.4;
						DevelopmentTeam = CWEESB29TK;
					};
					074861691B6C45D900798B19 = {
						CreatedOnToolsVersion = 6.4;
						TestTargetID = 074861541B6C45D900798B19;
					};
				};
			};
			buildConfigurationList = 074861501B6C45D900798B19 /* Build configuration list for PBXProject "HKArc" */;
			compatibilityVersion = "Xcode 3.2";
			developmentRegion = English;
			hasScannedForEncodings = 0;
			knownRegions = (
				en,
				Base,
			);
			mainGroup = 0748614C1B6C45D900798B19;
			productRefGroup = 074861561B6C45D900798B19 /* Products */;
			projectDirPath = "";
			projectRoot = "";
			targets = (
				074861541B6C45D900798B19 /* HKArc */,
				074861691B6C45D900798B19 /* HKArcTests */,
			);
		};
/* End PBXProject section */

/* Begin PBXResourcesBuildPhase section */
		074861531B6C45D900798B19 /* Resources */ = {
			isa = PBXResourcesBuildPhase;
			buildActionMask = 2147483647;
			files = (
				074861C61B6FE21400798B19 /* Main.storyboard in Resources */,
				074861651B6C45D900798B19 /* LaunchScreen.xib in Resources */,
				074861621B6C45D900798B19 /* Images.xcassets in Resources */,
			);
			runOnlyForDeploymentPostprocessing = 0;
		};
		074861681B6C45D900798B19 /* Resources */ = {
			isa = PBXResourcesBuildPhase;
			buildActionMask = 2147483647;
			files = (
			);
			runOnlyForDeploymentPostprocessing = 0;
		};
/* End PBXResourcesBuildPhase section */

/* Begin PBXSourcesBuildPhase section */
		074861511B6C45D900798B19 /* Sources */ = {
			isa = PBXSourcesBuildPhase;
			buildActionMask = 2147483647;
			files = (
				0748622D1B6FEBFE00798B19 /* SwiftyJSON.swift in Sources */,
				0748615D1B6C45D900798B19 /* ViewController.swift in Sources */,
				0748615B1B6C45D900798B19 /* AppDelegate.swift in Sources */,
			);
			runOnlyForDeploymentPostprocessing = 0;
		};
		074861661B6C45D900798B19 /* Sources */ = {
			isa = PBXSourcesBuildPhase;
			buildActionMask = 2147483647;
			files = (
			);
			runOnlyForDeploymentPostprocessing = 0;
		};
/* End PBXSourcesBuildPhase section */

/* Begin PBXVariantGroup section */
		074861631B6C45D900798B19 /* LaunchScreen.xib */ = {
			isa = PBXVariantGroup;
			children = (
				074861641B6C45D900798B19 /* Base */,
			);
			name = LaunchScreen.xib;
			sourceTree = "<group>";
		};
/* End PBXVariantGroup section */

/* Begin XCBuildConfiguration section */
		074861721B6C45D900798B19 /* Debug */ = {
			isa = XCBuildConfiguration;
			buildSettings = {
				ALWAYS_SEARCH_USER_PATHS = NO;
				CLANG_CXX_LANGUAGE_STANDARD = "gnu++0x";
				CLANG_CXX_LIBRARY = "libc++";
				CLANG_ENABLE_MODULES = YES;
				CLANG_ENABLE_OBJC_ARC = YES;
				CLANG_WARN_BOOL_CONVERSION = YES;
				CLANG_WARN_CONSTANT_CONVERSION = YES;
				CLANG_WARN_DIRECT_OBJC_ISA_USAGE = YES_ERROR;
				CLANG_WARN_EMPTY_BODY = YES;
				CLANG_WARN_ENUM_CONVERSION = YES;
				CLANG_WARN_INT_CONVERSION = YES;
				CLANG_WARN_OBJC_ROOT_CLASS = YES_ERROR;
				CLANG_WARN_UNREACHABLE_CODE = YES;
				CLANG_WARN__DUPLICATE_METHOD_MATCH = YES;
				"CODE_SIGN_IDENTITY[sdk=iphoneos*]" = "iPhone Developer";
				COPY_PHASE_STRIP = NO;
				DEBUG_INFORMATION_FORMAT = "dwarf-with-dsym";
				ENABLE_STRICT_OBJC_MSGSEND = YES;
				GCC_C_LANGUAGE_STANDARD = gnu99;
				GCC_DYNAMIC_NO_PIC = NO;
				GCC_NO_COMMON_BLOCKS = YES;
				GCC_OPTIMIZATION_LEVEL = 0;
				GCC_PREPROCESSOR_DEFINITIONS = (
					"DEBUG=1",
					"$(inherited)",
				);
				GCC_SYMBOLS_PRIVATE_EXTERN = NO;
				GCC_WARN_64_TO_32_BIT_CONVERSION = YES;
				GCC_WARN_ABOUT_RETURN_TYPE = YES_ERROR;
				GCC_WARN_UNDECLARED_SELECTOR = YES;
				GCC_WARN_UNINITIALIZED_AUTOS = YES_AGGRESSIVE;
				GCC_WARN_UNUSED_FUNCTION = YES;
				GCC_WARN_UNUSED_VARIABLE = YES;
				IPHONEOS_DEPLOYMENT_TARGET = 8.4;
				MTL_ENABLE_DEBUG_INFO = YES;
				ONLY_ACTIVE_ARCH = YES;
				SDKROOT = iphoneos;
				SWIFT_OPTIMIZATION_LEVEL = "-Onone";
			};
			name = Debug;
		};
		074861731B6C45D900798B19 /* Release */ = {
			isa = XCBuildConfiguration;
			buildSettings = {
				ALWAYS_SEARCH_USER_PATHS = NO;
				CLANG_CXX_LANGUAGE_STANDARD = "gnu++0x";
				CLANG_CXX_LIBRARY = "libc++";
				CLANG_ENABLE_MODULES = YES;
				CLANG_ENABLE_OBJC_ARC = YES;
				CLANG_WARN_BOOL_CONVERSION = YES;
				CLANG_WARN_CONSTANT_CONVERSION = YES;
				CLANG_WARN_DIRECT_OBJC_ISA_USAGE = YES_ERROR;
				CLANG_WARN_EMPTY_BODY = YES;
				CLANG_WARN_ENUM_CONVERSION = YES;
				CLANG_WARN_INT_CONVERSION = YES;
				CLANG_WARN_OBJC_ROOT_CLASS = YES_ERROR;
				CLANG_WARN_UNREACHABLE_CODE = YES;
				CLANG_WARN__DUPLICATE_METHOD_MATCH = YES;
				"CODE_SIGN_IDENTITY[sdk=iphoneos*]" = "iPhone Developer";
				COPY_PHASE_STRIP = NO;
				DEBUG_INFORMATION_FORMAT = "dwarf-with-dsym";
				ENABLE_NS_ASSERTIONS = NO;
				ENABLE_STRICT_OBJC_MSGSEND = YES;
				GCC_C_LANGUAGE_STANDARD = gnu99;
				GCC_NO_COMMON_BLOCKS = YES;
				GCC_WARN_64_TO_32_BIT_CONVERSION = YES;
				GCC_WARN_ABOUT_RETURN_TYPE = YES_ERROR;
				GCC_WARN_UNDECLARED_SELECTOR = YES;
				GCC_WARN_UNINITIALIZED_AUTOS = YES_AGGRESSIVE;
				GCC_WARN_UNUSED_FUNCTION = YES;
				GCC_WARN_UNUSED_VARIABLE = YES;
				IPHONEOS_DEPLOYMENT_TARGET = 8.4;
				MTL_ENABLE_DEBUG_INFO = NO;
				SDKROOT = iphoneos;
				VALIDATE_PRODUCT = YES;
			};
			name = Release;
		};
		074861751B6C45D900798B19 /* Debug */ = {
			isa = XCBuildConfiguration;
			buildSettings = {
				ASSETCATALOG_COMPILER_APPICON_NAME = AppIcon;
				CODE_SIGN_IDENTITY = "iPhone Developer";
				INFOPLIST_FILE = HKArc/Info.plist;
				LD_RUNPATH_SEARCH_PATHS = "$(inherited) @executable_path/Frameworks";
				LIBRARY_SEARCH_PATHS = (
					"$(inherited)",
					"$(PROJECT_DIR)/ACRCloud-ios-sdk-1.1.0/ACRCloudDemo",
					"$(PROJECT_DIR)/ACRCloud-ios-sdk-1.1.0/ACRCloudLibraies",
					"$(PROJECT_DIR)/ACRCloudLibraies",
				);
				PRODUCT_NAME = "$(TARGET_NAME)";
				SWIFT_OBJC_BRIDGING_HEADER = "HKArc/Bridging-Header.h";
			};
			name = Debug;
		};
		074861761B6C45D900798B19 /* Release */ = {
			isa = XCBuildConfiguration;
			buildSettings = {
				ASSETCATALOG_COMPILER_APPICON_NAME = AppIcon;
				CODE_SIGN_IDENTITY = "iPhone Developer";
				INFOPLIST_FILE = HKArc/Info.plist;
				LD_RUNPATH_SEARCH_PATHS = "$(inherited) @executable_path/Frameworks";
				LIBRARY_SEARCH_PATHS = (
					"$(inherited)",
					"$(PROJECT_DIR)/ACRCloud-ios-sdk-1.1.0/ACRCloudDemo",
					"$(PROJECT_DIR)/ACRCloud-ios-sdk-1.1.0/ACRCloudLibraies",
					"$(PROJECT_DIR)/ACRCloudLibraies",
				);
				PRODUCT_NAME = "$(TARGET_NAME)";
				SWIFT_OBJC_BRIDGING_HEADER = "HKArc/Bridging-Header.h";
			};
			name = Release;
		};
		074861781B6C45D900798B19 /* Debug */ = {
			isa = XCBuildConfiguration;
			buildSettings = {
				BUNDLE_LOADER = "$(TEST_HOST)";
				FRAMEWORK_SEARCH_PATHS = (
					"$(SDKROOT)/Developer/Library/Frameworks",
					"$(inherited)",
				);
				GCC_PREPROCESSOR_DEFINITIONS = (
					"DEBUG=1",
					"$(inherited)",
				);
				INFOPLIST_FILE = HKArcTests/Info.plist;
				LD_RUNPATH_SEARCH_PATHS = "$(inherited) @executable_path/Frameworks @loader_path/Frameworks";
				PRODUCT_NAME = "$(TARGET_NAME)";
				TEST_HOST = "$(BUILT_PRODUCTS_DIR)/HKArc.app/HKArc";
			};
			name = Debug;
		};
		074861791B6C45D900798B19 /* Release */ = {
			isa = XCBuildConfiguration;
			buildSettings = {
				BUNDLE_LOADER = "$(TEST_HOST)";
				FRAMEWORK_SEARCH_PATHS = (
					"$(SDKROOT)/Developer/Library/Frameworks",
					"$(inherited)",
				);
				INFOPLIST_FILE = HKArcTests/Info.plist;
				LD_RUNPATH_SEARCH_PATHS = "$(inherited) @executable_path/Frameworks @loader_path/Frameworks";
				PRODUCT_NAME = "$(TARGET_NAME)";
				TEST_HOST = "$(BUILT_PRODUCTS_DIR)/HKArc.app/HKArc";
			};
			name = Release;
		};
/* End XCBuildConfiguration section */

/* Begin XCConfigurationList section */
		074861501B6C45D900798B19 /* Build configuration list for PBXProject "HKArc" */ = {
			isa = XCConfigurationList;
			buildConfigurations = (
				074861721B6C45D900798B19 /* Debug */,
				074861731B6C45D900798B19 /* Release */,
			);
			defaultConfigurationIsVisible = 0;
			defaultConfigurationName = Release;
		};
		074861741B6C45D900798B19 /* Build configuration list for PBXNativeTarget "HKArc" */ = {
			isa = XCConfigurationList;
			buildConfigurations = (
				074861751B6C45D900798B19 /* Debug */,
				074861761B6C45D900798B19 /* Release */,
			);
			defaultConfigurationIsVisible = 0;
			defaultConfigurationName = Release;
		};
		074861771B6C45D900798B19 /* Build configuration list for PBXNativeTarget "HKArcTests" */ = {
			isa = XCConfigurationList;
			buildConfigurations = (
				074861781B6C45D900798B19 /* Debug */,
				074861791B6C45D900798B19 /* Release */,
			);
			defaultConfigurationIsVisible = 0;
			defaultConfigurationName = Release;
		};
/* End XCConfigurationList section */
	};
	rootObject = 0748614D1B6C45D900798B19 /* Project object */;
}
